
Microsoft Visual Studio Solution File, Format Version 12.00
# Visual Studio 15
VisualStudioVersion = 15.0.28307.168
MinimumVisualStudioVersion = 10.0.40219.1
Project("{FAE04EC0-301F-11D3-BF4B-00C04F79EFBC}") = "A04LayoutXF.Android", "A04LayoutXF\A04LayoutXF.Android\A04LayoutXF.Android.csproj", "{D11F8D1A-7D08-4CC8-9C0D-625A54B8F3E6}"
EndProject
Project("{FAE04EC0-301F-11D3-BF4B-00C04F79EFBC}") = "A04LayoutXF.iOS", "A04LayoutXF\A04LayoutXF.iOS\A04LayoutXF.iOS.csproj", "{2F966C25-6AA2-4984-B085-552AA93F9EA6}"
EndProject
Project("{FAE04EC0-301F-11D3-BF4B-00C04F79EFBC}") = "A04LayoutXF.UWP", "A04LayoutXF\A04LayoutXF.UWP\A04LayoutXF.UWP.csproj", "{CA367939-2B26-47A3-8319-6F60543471F2}"
EndProject
Project("{FAE04EC0-301F-11D3-BF4B-00C04F79EFBC}") = "A04LayoutXF", "A04LayoutXF\A04LayoutXF\A04LayoutXF.csproj", "{A2D83CF2-B23D-486A-AFA2-71B579FB17AE}"
EndProject
Global
	GlobalSection(SolutionConfigurationPlatforms) = preSolution
		Ad-Hoc|Any CPU = Ad-Hoc|Any CPU
		Ad-Hoc|ARM = Ad-Hoc|ARM
		Ad-Hoc|iPhone = Ad-Hoc|iPhone
		Ad-Hoc|iPhoneSimulator = Ad-Hoc|iPhoneSimulator
		Ad-Hoc|x64 = Ad-Hoc|x64
		Ad-Hoc|x86 = Ad-Hoc|x86
		AppStore|Any CPU = AppStore|Any CPU
		AppStore|ARM = AppStore|ARM
		AppStore|iPhone = AppStore|iPhone
		AppStore|iPhoneSimulator = AppStore|iPhoneSimulator
		AppStore|x64 = AppStore|x64
		AppStore|x86 = AppStore|x86
		Debug|Any CPU = Debug|Any CPU
		Debug|ARM = Debug|ARM
		Debug|iPhone = Debug|iPhone
		Debug|iPhoneSimulator = Debug|iPhoneSimulator
		Debug|x64 = Debug|x64
		Debug|x86 = Debug|x86
		Release|Any CPU = Release|Any CPU
		Release|ARM = Release|ARM
		Release|iPhone = Release|iPhone
		Release|iPhoneSimulator = Release|iPhoneSimulator
		Release|x64 = Release|x64
		Release|x86 = Release|x86
	EndGlobalSection
	GlobalSection(ProjectConfigurationPlatforms) = postSolution
		{D11F8D1A-7D08-4CC8-9C0D-625A54B8F3E6}.Ad-Hoc|Any CPU.ActiveCfg = Release|Any CPU
		{D11F8D1A-7D08-4CC8-9C0D-625A54B8F3E6}.Ad-Hoc|Any CPU.Build.0 = Release|Any CPU
		{D11F8D1A-7D08-4CC8-9C0D-625A54B8F3E6}.Ad-Hoc|Any CPU.Deploy.0 = Release|Any CPU
		{D11F8D1A-7D08-4CC8-9C0D-625A54B8F3E6}.Ad-Hoc|ARM.ActiveCfg = Release|Any CPU
		{D11F8D1A-7D08-4CC8-9C0D-625A54B8F3E6}.Ad-Hoc|ARM.Build.0 = Release|Any CPU
		{D11F8D1A-7D08-4CC8-9C0D-625A54B8F3E6}.Ad-Hoc|ARM.Deploy.0 = Release|Any CPU
		{D11F8D1A-7D08-4CC8-9C0D-625A54B8F3E6}.Ad-Hoc|iPhone.ActiveCfg = Release|Any CPU
		{D11F8D1A-7D08-4CC8-9C0D-625A54B8F3E6}.Ad-Hoc|iPhone.Build.0 = Release|Any CPU
		{D11F8D1A-7D08-4CC8-9C0D-625A54B8F3E6}.Ad-Hoc|iPhone.Deploy.0 = Release|Any CPU
		{D11F8D1A-7D08-4CC8-9C0D-625A54B8F3E6}.Ad-Hoc|iPhoneSimulator.ActiveCfg = Release|Any CPU
		{D11F8D1A-7D08-4CC8-9C0D-625A54B8F3E6}.Ad-Hoc|iPhoneSimulator.Build.0 = Release|Any CPU
		{D11F8D1A-7D08-4CC8-9C0D-625A54B8F3E6}.Ad-Hoc|iPhoneSimulator.Deploy.0 = Release|Any CPU
		{D11F8D1A-7D08-4CC8-9C0D-625A54B8F3E6}.Ad-Hoc|x64.ActiveCfg = Release|Any CPU
		{D11F8D1A-7D08-4CC8-9C0D-625A54B8F3E6}.Ad-Hoc|x64.Build.0 = Release|Any CPU
		{D11F8D1A-7D08-4CC8-9C0D-625A54B8F3E6}.Ad-Hoc|x64.Deploy.0 = Release|Any CPU
		{D11F8D1A-7D08-4CC8-9C0D-625A54B8F3E6}.Ad-Hoc|x86.ActiveCfg = Release|Any CPU
		{D11F8D1A-7D08-4CC8-9C0D-625A54B8F3E6}.Ad-Hoc|x86.Build.0 = Release|Any CPU
		{D11F8D1A-7D08-4CC8-9C0D-625A54B8F3E6}.Ad-Hoc|x86.Deploy.0 = Release|Any CPU
		{D11F8D1A-7D08-4CC8-9C0D-625A54B8F3E6}.AppStore|Any CPU.ActiveCfg = Release|Any CPU
		{D11F8D1A-7D08-4CC8-9C0D-625A54B8F3E6}.AppStore|Any CPU.Build.0 = Release|Any CPU
		{D11F8D1A-7D08-4CC8-9C0D-625A54B8F3E6}.AppStore|Any CPU.Deploy.0 = Release|Any CPU
		{D11F8D1A-7D08-4CC8-9C0D-625A54B8F3E6}.AppStore|ARM.ActiveCfg = Release|Any CPU
		{D11F8D1A-7D08-4CC8-9C0D-625A54B8F3E6}.AppStore|ARM.Build.0 = Release|Any CPU
		{D11F8D1A-7D08-4CC8-9C0D-625A54B8F3E6}.AppStore|ARM.Deploy.0 = Release|Any CPU
		{D11F8D1A-7D08-4CC8-9C0D-625A54B8F3E6}.AppStore|iPhone.ActiveCfg = Release|Any CPU
		{D11F8D1A-7D08-4CC8-9C0D-625A54B8F3E6}.AppStore|iPhone.Build.0 = Release|Any CPU
		{D11F8D1A-7D08-4CC8-9C0D-625A54B8F3E6}.AppStore|iPhone.Deploy.0 = Release|Any CPU
		{D11F8D1A-7D08-4CC8-9C0D-625A54B8F3E6}.AppStore|iPhoneSimulator.ActiveCfg = Release|Any CPU
		{D11F8D1A-7D08-4CC8-9C0D-625A54B8F3E6}.AppStore|iPhoneSimulator.Build.0 = Release|Any CPU
		{D11F8D1A-7D08-4CC8-9C0D-625A54B8F3E6}.AppStore|iPhoneSimulator.Deploy.0 = Release|Any CPU
		{D11F8D1A-7D08-4CC8-9C0D-625A54B8F3E6}.AppStore|x64.ActiveCfg = Release|Any CPU
		{D11F8D1A-7D08-4CC8-9C0D-625A54B8F3E6}.AppStore|x64.Build.0 = Release|Any CPU
		{D11F8D1A-7D08-4CC8-9C0D-625A54B8F3E6}.AppStore|x64.Deploy.0 = Release|Any CPU
		{D11F8D1A-7D08-4CC8-9C0D-625A54B8F3E6}.AppStore|x86.ActiveCfg = Release|Any CPU
		{D11F8D1A-7D08-4CC8-9C0D-625A54B8F3E6}.AppStore|x86.Build.0 = Release|Any CPU
		{D11F8D1A-7D08-4CC8-9C0D-625A54B8F3E6}.AppStore|x86.Deploy.0 = Release|Any CPU
		{D11F8D1A-7D08-4CC8-9C0D-625A54B8F3E6}.Debug|Any CPU.ActiveCfg = Debug|Any CPU
		{D11F8D1A-7D08-4CC8-9C0D-625A54B8F3E6}.Debug|Any CPU.Build.0 = Debug|Any CPU
		{D11F8D1A-7D08-4CC8-9C0D-625A54B8F3E6}.Debug|Any CPU.Deploy.0 = Debug|Any CPU
		{D11F8D1A-7D08-4CC8-9C0D-625A54B8F3E6}.Debug|ARM.ActiveCfg = Debug|Any CPU
		{D11F8D1A-7D08-4CC8-9C0D-625A54B8F3E6}.Debug|ARM.Build.0 = Debug|Any CPU
		{D11F8D1A-7D08-4CC8-9C0D-625A54B8F3E6}.Debug|ARM.Deploy.0 = Debug|Any CPU
		{D11F8D1A-7D08-4CC8-9C0D-625A54B8F3E6}.Debug|iPhone.ActiveCfg = Debug|Any CPU
		{D11F8D1A-7D08-4CC8-9C0D-625A54B8F3E6}.Debug|iPhone.Build.0 = Debug|Any CPU
		{D11F8D1A-7D08-4CC8-9C0D-625A54B8F3E6}.Debug|iPhone.Deploy.0 = Debug|Any CPU
		{D11F8D1A-7D08-4CC8-9C0D-625A54B8F3E6}.Debug|iPhoneSimulator.ActiveCfg = Debug|Any CPU
		{D11F8D1A-7D08-4CC8-9C0D-625A54B8F3E6}.Debug|iPhoneSimulator.Build.0 = Debug|Any CPU
		{D11F8D1A-7D08-4CC8-9C0D-625A54B8F3E6}.Debug|iPhoneSimulator.Deploy.0 = Debug|Any CPU
		{D11F8D1A-7D08-4CC8-9C0D-625A54B8F3E6}.Debug|x64.ActiveCfg = Debug|Any CPU
		{D11F8D1A-7D08-4CC8-9C0D-625A54B8F3E6}.Debug|x64.Build.0 = Debug|Any CPU
		{D11F8D1A-7D08-4CC8-9C0D-625A54B8F3E6}.Debug|x64.Deploy.0 = Debug|Any CPU
		{D11F8D1A-7D08-4CC8-9C0D-625A54B8F3E6}.Debug|x86.ActiveCfg = Debug|Any CPU
		{D11F8D1A-7D08-4CC8-9C0D-625A54B8F3E6}.Debug|x86.Build.0 = Debug|Any CPU
		{D11F8D1A-7D08-4CC8-9C0D-625A54B8F3E6}.Debug|x86.Deploy.0 = Debug|Any CPU
		{D11F8D1A-7D08-4CC8-9C0D-625A54B8F3E6}.Release|Any CPU.ActiveCfg = Release|Any CPU
		{D11F8D1A-7D08-4CC8-9C0D-625A54B8F3E6}.Release|Any CPU.Build.0 = Release|Any CPU
		{D11F8D1A-7D08-4CC8-9C0D-625A54B8F3E6}.Release|Any CPU.Deploy.0 = Release|Any CPU
		{D11F8D1A-7D08-4CC8-9C0D-625A54B8F3E6}.Release|ARM.ActiveCfg = Release|Any CPU
		{D11F8D1A-7D08-4CC8-9C0D-625A54B8F3E6}.Release|ARM.Build.0 = Release|Any CPU
		{D11F8D1A-7D08-4CC8-9C0D-625A54B8F3E6}.Release|ARM.Deploy.0 = Release|Any CPU
		{D11F8D1A-7D08-4CC8-9C0D-625A54B8F3E6}.Release|iPhone.ActiveCfg = Release|Any CPU
		{D11F8D1A-7D08-4CC8-9C0D-625A54B8F3E6}.Release|iPhone.Build.0 = Release|Any CPU
		{D11F8D1A-7D08-4CC8-9C0D-625A54B8F3E6}.Release|iPhone.Deploy.0 = Release|Any CPU
		{D11F8D1A-7D08-4CC8-9C0D-625A54B8F3E6}.Release|iPhoneSimulator.ActiveCfg = Release|Any CPU
		{D11F8D1A-7D08-4CC8-9C0D-625A54B8F3E6}.Release|iPhoneSimulator.Build.0 = Release|Any CPU
		{D11F8D1A-7D08-4CC8-9C0D-625A54B8F3E6}.Release|iPhoneSimulator.Deploy.0 = Release|Any CPU
		{D11F8D1A-7D08-4CC8-9C0D-625A54B8F3E6}.Release|x64.ActiveCfg = Release|Any CPU
		{D11F8D1A-7D08-4CC8-9C0D-625A54B8F3E6}.Release|x64.Build.0 = Release|Any CPU
		{D11F8D1A-7D08-4CC8-9C0D-625A54B8F3E6}.Release|x64.Deploy.0 = Release|Any CPU
		{D11F8D1A-7D08-4CC8-9C0D-625A54B8F3E6}.Release|x86.ActiveCfg = Release|Any CPU
		{D11F8D1A-7D08-4CC8-9C0D-625A54B8F3E6}.Release|x86.Build.0 = Release|Any CPU
		{D11F8D1A-7D08-4CC8-9C0D-625A54B8F3E6}.Release|x86.Deploy.0 = Release|Any CPU
		{2F966C25-6AA2-4984-B085-552AA93F9EA6}.Ad-Hoc|Any CPU.ActiveCfg = Ad-Hoc|iPhone
		{2F966C25-6AA2-4984-B085-552AA93F9EA6}.Ad-Hoc|Any CPU.Build.0 = Ad-Hoc|iPhone
		{2F966C25-6AA2-4984-B085-552AA93F9EA6}.Ad-Hoc|Any CPU.Deploy.0 = Ad-Hoc|iPhone
		{2F966C25-6AA2-4984-B085-552AA93F9EA6}.Ad-Hoc|ARM.ActiveCfg = Ad-Hoc|iPhone
		{2F966C25-6AA2-4984-B085-552AA93F9EA6}.Ad-Hoc|ARM.Build.0 = Ad-Hoc|iPhone
		{2F966C25-6AA2-4984-B085-552AA93F9EA6}.Ad-Hoc|ARM.Deploy.0 = Ad-Hoc|iPhone
		{2F966C25-6AA2-4984-B085-552AA93F9EA6}.Ad-Hoc|iPhone.ActiveCfg = Ad-Hoc|iPhone
		{2F966C25-6AA2-4984-B085-552AA93F9EA6}.Ad-Hoc|iPhone.Build.0 = Ad-Hoc|iPhone
		{2F966C25-6AA2-4984-B085-552AA93F9EA6}.Ad-Hoc|iPhone.Deploy.0 = Ad-Hoc|iPhone
		{2F966C25-6AA2-4984-B085-552AA93F9EA6}.Ad-Hoc|iPhoneSimulator.ActiveCfg = Ad-Hoc|iPhoneSimulator
		{2F966C25-6AA2-4984-B085-552AA93F9EA6}.Ad-Hoc|iPhoneSimulator.Build.0 = Ad-Hoc|iPhoneSimulator
		{2F966C25-6AA2-4984-B085-552AA93F9EA6}.Ad-Hoc|iPhoneSimulator.Deploy.0 = Ad-Hoc|iPhoneSimulator
		{2F966C25-6AA2-4984-B085-552AA93F9EA6}.Ad-Hoc|x64.ActiveCfg = Ad-Hoc|iPhone
		{2F966C25-6AA2-4984-B085-552AA93F9EA6}.Ad-Hoc|x64.Build.0 = Ad-Hoc|iPhone
		{2F966C25-6AA2-4984-B085-552AA93F9EA6}.Ad-Hoc|x64.Deploy.0 = Ad-Hoc|iPhone
		{2F966C25-6AA2-4984-B085-552AA93F9EA6}.Ad-Hoc|x86.ActiveCfg = Ad-Hoc|iPhone
		{2F966C25-6AA2-4984-B085-552AA93F9EA6}.Ad-Hoc|x86.Build.0 = Ad-Hoc|iPhone
		{2F966C25-6AA2-4984-B085-552AA93F9EA6}.Ad-Hoc|x86.Deploy.0 = Ad-Hoc|iPhone
		{2F966C25-6AA2-4984-B085-552AA93F9EA6}.AppStore|Any CPU.ActiveCfg = AppStore|iPhone
		{2F966C25-6AA2-4984-B085-552AA93F9EA6}.AppStore|Any CPU.Build.0 = AppStore|iPhone
		{2F966C25-6AA2-4984-B085-552AA93F9EA6}.AppStore|Any CPU.Deploy.0 = AppStore|iPhone
		{2F966C25-6AA2-4984-B085-552AA93F9EA6}.AppStore|ARM.ActiveCfg = AppStore|iPhone
		{2F966C25-6AA2-4984-B085-552AA93F9EA6}.AppStore|ARM.Build.0 = AppStore|iPhone
		{2F966C25-6AA2-4984-B085-552AA93F9EA6}.AppStore|ARM.Deploy.0 = AppStore|iPhone
		{2F966C25-6AA2-4984-B085-552AA93F9EA6}.AppStore|iPhone.ActiveCfg = AppStore|iPhone
		{2F966C25-6AA2-4984-B085-552AA93F9EA6}.AppStore|iPhone.Build.0 = AppStore|iPhone
		{2F966C25-6AA2-4984-B085-552AA93F9EA6}.AppStore|iPhone.Deploy.0 = AppStore|iPhone
		{2F966C25-6AA2-4984-B085-552AA93F9EA6}.AppStore|iPhoneSimulator.ActiveCfg = AppStore|iPhoneSimulator
		{2F966C25-6AA2-4984-B085-552AA93F9EA6}.AppStore|iPhoneSimulator.Build.0 = AppStore|iPhoneSimulator
		{2F966C25-6AA2-4984-B085-552AA93F9EA6}.AppStore|iPhoneSimulator.Deploy.0 = AppStore|iPhoneSimulator
		{2F966C25-6AA2-4984-B085-552AA93F9EA6}.AppStore|x64.ActiveCfg = AppStore|iPhone
		{2F966C25-6AA2-4984-B085-552AA93F9EA6}.AppStore|x64.Build.0 = AppStore|iPhone
		{2F966C25-6AA2-4984-B085-552AA93F9EA6}.AppStore|x64.Deploy.0 = AppStore|iPhone
		{2F966C25-6AA2-4984-B085-552AA93F9EA6}.AppStore|x86.ActiveCfg = AppStore|iPhone
		{2F966C25-6AA2-4984-B085-552AA93F9EA6}.AppStore|x86.Build.0 = AppStore|iPhone
		{2F966C25-6AA2-4984-B085-552AA93F9EA6}.AppStore|x86.Deploy.0 = AppStore|iPhone
		{2F966C25-6AA2-4984-B085-552AA93F9EA6}.Debug|Any CPU.ActiveCfg = Debug|iPhoneSimulator
		{2F966C25-6AA2-4984-B085-552AA93F9EA6}.Debug|Any CPU.Build.0 = Debug|iPhoneSimulator
		{2F966C25-6AA2-4984-B085-552AA93F9EA6}.Debug|Any CPU.Deploy.0 = Debug|iPhoneSimulator
		{2F966C25-6AA2-4984-B085-552AA93F9EA6}.Debug|ARM.ActiveCfg = Debug|iPhone
		{2F966C25-6AA2-4984-B085-552AA93F9EA6}.Debug|ARM.Build.0 = Debug|iPhone
		{2F966C25-6AA2-4984-B085-552AA93F9EA6}.Debug|ARM.Deploy.0 = Debug|iPhone
		{2F966C25-6AA2-4984-B085-552AA93F9EA6}.Debug|iPhone.ActiveCfg = Debug|iPhone
		{2F966C25-6AA2-4984-B085-552AA93F9EA6}.Debug|iPhone.Build.0 = Debug|iPhone
		{2F966C25-6AA2-4984-B085-552AA93F9EA6}.Debug|iPhone.Deploy.0 = Debug|iPhone
		{2F966C25-6AA2-4984-B085-552AA93F9EA6}.Debug|iPhoneSimulator.ActiveCfg = Debug|iPhoneSimulator
		{2F966C25-6AA2-4984-B085-552AA93F9EA6}.Debug|iPhoneSimulator.Build.0 = Debug|iPhoneSimulator
		{2F966C25-6AA2-4984-B085-552AA93F9EA6}.Debug|iPhoneSimulator.Deploy.0 = Debug|iPhoneSimulator
		{2F966C25-6AA2-4984-B085-552AA93F9EA6}.Debug|x64.ActiveCfg = Debug|iPhone
		{2F966C25-6AA2-4984-B085-552AA93F9EA6}.Debug|x64.Build.0 = Debug|iPhone
		{2F966C25-6AA2-4984-B085-552AA93F9EA6}.Debug|x64.Deploy.0 = Debug|iPhone
		{2F966C25-6AA2-4984-B085-552AA93F9EA6}.Debug|x86.ActiveCfg = Debug|iPhone
		{2F966C25-6AA2-4984-B085-552AA93F9EA6}.Debug|x86.Build.0 = Debug|iPhone
		{2F966C25-6AA2-4984-B085-552AA93F9EA6}.Debug|x86.Deploy.0 = Debug|iPhone
		{2F966C25-6AA2-4984-B085-552AA93F9EA6}.Release|Any CPU.ActiveCfg = Release|iPhone
		{2F966C25-6AA2-4984-B085-552AA93F9EA6}.Release|Any CPU.Build.0 = Release|iPhone
		{2F966C25-6AA2-4984-B085-552AA93F9EA6}.Release|Any CPU.Deploy.0 = Release|iPhone
		{2F966C25-6AA2-4984-B085-552AA93F9EA6}.Release|ARM.ActiveCfg = Release|iPhone
		{2F966C25-6AA2-4984-B085-552AA93F9EA6}.Release|ARM.Build.0 = Release|iPhone
		{2F966C25-6AA2-4984-B085-552AA93F9EA6}.Release|ARM.Deploy.0 = Release|iPhone
		{2F966C25-6AA2-4984-B085-552AA93F9EA6}.Release|iPhone.ActiveCfg = Release|iPhone
		{2F966C25-6AA2-4984-B085-552AA93F9EA6}.Release|iPhone.Build.0 = Release|iPhone
		{2F966C25-6AA2-4984-B085-552AA93F9EA6}.Release|iPhone.Deploy.0 = Release|iPhone
		{2F966C25-6AA2-4984-B085-552AA93F9EA6}.Release|iPhoneSimulator.ActiveCfg = Release|iPhoneSimulator
		{2F966C25-6AA2-4984-B085-552AA93F9EA6}.Release|iPhoneSimulator.Build.0 = Release|iPhoneSimulator
		{2F966C25-6AA2-4984-B085-552AA93F9EA6}.Release|iPhoneSimulator.Deploy.0 = Release|iPhoneSimulator
		{2F966C25-6AA2-4984-B085-552AA93F9EA6}.Release|x64.ActiveCfg = Release|iPhone
		{2F966C25-6AA2-4984-B085-552AA93F9EA6}.Release|x64.Build.0 = Release|iPhone
		{2F966C25-6AA2-4984-B085-552AA93F9EA6}.Release|x64.Deploy.0 = Release|iPhone
		{2F966C25-6AA2-4984-B085-552AA93F9EA6}.Release|x86.ActiveCfg = Release|iPhone
		{2F966C25-6AA2-4984-B085-552AA93F9EA6}.Release|x86.Build.0 = Release|iPhone
		{2F966C25-6AA2-4984-B085-552AA93F9EA6}.Release|x86.Deploy.0 = Release|iPhone
		{CA367939-2B26-47A3-8319-6F60543471F2}.Ad-Hoc|Any CPU.ActiveCfg = Release|x86
		{CA367939-2B26-47A3-8319-6F60543471F2}.Ad-Hoc|Any CPU.Build.0 = Release|x86
		{CA367939-2B26-47A3-8319-6F60543471F2}.Ad-Hoc|Any CPU.Deploy.0 = Release|x86
		{CA367939-2B26-47A3-8319-6F60543471F2}.Ad-Hoc|ARM.ActiveCfg = Release|ARM
		{CA367939-2B26-47A3-8319-6F60543471F2}.Ad-Hoc|ARM.Build.0 = Release|ARM
		{CA367939-2B26-47A3-8319-6F60543471F2}.Ad-Hoc|ARM.Deploy.0 = Release|ARM
		{CA367939-2B26-47A3-8319-6F60543471F2}.Ad-Hoc|iPhone.ActiveCfg = Release|x86
		{CA367939-2B26-47A3-8319-6F60543471F2}.Ad-Hoc|iPhone.Build.0 = Release|x86
		{CA367939-2B26-47A3-8319-6F60543471F2}.Ad-Hoc|iPhone.Deploy.0 = Release|x86
		{CA367939-2B26-47A3-8319-6F60543471F2}.Ad-Hoc|iPhoneSimulator.ActiveCfg = Release|x86
		{CA367939-2B26-47A3-8319-6F60543471F2}.Ad-Hoc|iPhoneSimulator.Build.0 = Release|x86
		{CA367939-2B26-47A3-8319-6F60543471F2}.Ad-Hoc|iPhoneSimulator.Deploy.0 = Release|x86
		{CA367939-2B26-47A3-8319-6F60543471F2}.Ad-Hoc|x64.ActiveCfg = Release|x64
		{CA367939-2B26-47A3-8319-6F60543471F2}.Ad-Hoc|x64.Build.0 = Release|x64
		{CA367939-2B26-47A3-8319-6F60543471F2}.Ad-Hoc|x64.Deploy.0 = Release|x64
		{CA367939-2B26-47A3-8319-6F60543471F2}.Ad-Hoc|x86.ActiveCfg = Release|x86
		{CA367939-2B26-47A3-8319-6F60543471F2}.Ad-Hoc|x86.Build.0 = Release|x86
		{CA367939-2B26-47A3-8319-6F60543471F2}.Ad-Hoc|x86.Deploy.0 = Release|x86
		{CA367939-2B26-47A3-8319-6F60543471F2}.AppStore|Any CPU.ActiveCfg = Release|x86
		{CA367939-2B26-47A3-8319-6F60543471F2}.AppStore|Any CPU.Build.0 = Release|x86
		{CA367939-2B26-47A3-8319-6F60543471F2}.AppStore|Any CPU.Deploy.0 = Release|x86
		{CA367939-2B26-47A3-8319-6F60543471F2}.AppStore|ARM.ActiveCfg = Release|ARM
		{CA367939-2B26-47A3-8319-6F60543471F2}.AppStore|ARM.Build.0 = Release|ARM
		{CA367939-2B26-47A3-8319-6F60543471F2}.AppStore|ARM.Deploy.0 = Release|ARM
		{CA367939-2B26-47A3-8319-6F60543471F2}.AppStore|iPhone.ActiveCfg = Release|x86
		{CA367939-2B26-47A3-8319-6F60543471F2}.AppStore|iPhone.Build.0 = Release|x86
		{CA367939-2B26-47A3-8319-6F60543471F2}.AppStore|iPhone.Deploy.0 = Release|x86
		{CA367939-2B26-47A3-8319-6F60543471F2}.AppStore|iPhoneSimulator.ActiveCfg = Release|x86
		{CA367939-2B26-47A3-8319-6F60543471F2}.AppStore|iPhoneSimulator.Build.0 = Release|x86
		{CA367939-2B26-47A3-8319-6F60543471F2}.AppStore|iPhoneSimulator.Deploy.0 = Release|x86
		{CA367939-2B26-47A3-8319-6F60543471F2}.AppStore|x64.ActiveCfg = Release|x64
		{CA367939-2B26-47A3-8319-6F60543471F2}.AppStore|x64.Build.0 = Release|x64
		{CA367939-2B26-47A3-8319-6F60543471F2}.AppStore|x64.Deploy.0 = Release|x64
		{CA367939-2B26-47A3-8319-6F60543471F2}.AppStore|x86.ActiveCfg = Release|x86
		{CA367939-2B26-47A3-8319-6F60543471F2}.AppStore|x86.Build.0 = Release|x86
		{CA367939-2B26-47A3-8319-6F60543471F2}.AppStore|x86.Deploy.0 = Release|x86
		{CA367939-2B26-47A3-8319-6F60543471F2}.Debug|Any CPU.ActiveCfg = Debug|x86
		{CA367939-2B26-47A3-8319-6F60543471F2}.Debug|Any CPU.Build.0 = Debug|x86
		{CA367939-2B26-47A3-8319-6F60543471F2}.Debug|Any CPU.Deploy.0 = Debug|x86
		{CA367939-2B26-47A3-8319-6F60543471F2}.Debug|ARM.ActiveCfg = Debug|ARM
		{CA367939-2B26-47A3-8319-6F60543471F2}.Debug|ARM.Build.0 = Debug|ARM
		{CA367939-2B26-47A3-8319-6F60543471F2}.Debug|ARM.Deploy.0 = Debug|ARM
		{CA367939-2B26-47A3-8319-6F60543471F2}.Debug|iPhone.ActiveCfg = Debug|x86
		{CA367939-2B26-47A3-8319-6F60543471F2}.Debug|iPhone.Build.0 = Debug|x86
		{CA367939-2B26-47A3-8319-6F60543471F2}.Debug|iPhone.Deploy.0 = Debug|x86
		{CA367939-2B26-47A3-8319-6F60543471F2}.Debug|iPhoneSimulator.ActiveCfg = Debug|x86
		{CA367939-2B26-47A3-8319-6F60543471F2}.Debug|iPhoneSimulator.Build.0 = Debug|x86
		{CA367939-2B26-47A3-8319-6F60543471F2}.Debug|iPhoneSimulator.Deploy.0 = Debug|x86
		{CA367939-2B26-47A3-8319-6F60543471F2}.Debug|x64.ActiveCfg = Debug|x64
		{CA367939-2B26-47A3-8319-6F60543471F2}.Debug|x64.Build.0 = Debug|x64
		{CA367939-2B26-47A3-8319-6F60543471F2}.Debug|x64.Deploy.0 = Debug|x64
		{CA367939-2B26-47A3-8319-6F60543471F2}.Debug|x86.ActiveCfg = Debug|x86
		{CA367939-2B26-47A3-8319-6F60543471F2}.Debug|x86.Build.0 = Debug|x86
		{CA367939-2B26-47A3-8319-6F60543471F2}.Debug|x86.Deploy.0 = Debug|x86
		{CA367939-2B26-47A3-8319-6F60543471F2}.Release|Any CPU.ActiveCfg = Release|x86
		{CA367939-2B26-47A3-8319-6F60543471F2}.Release|Any CPU.Build.0 = Release|x86
		{CA367939-2B26-47A3-8319-6F60543471F2}.Release|Any CPU.Deploy.0 = Release|x86
		{CA367939-2B26-47A3-8319-6F60543471F2}.Release|ARM.ActiveCfg = Release|ARM
		{CA367939-2B26-47A3-8319-6F60543471F2}.Release|ARM.Build.0 = Release|ARM
		{CA367939-2B26-47A3-8319-6F60543471F2}.Release|ARM.Deploy.0 = Release|ARM
		{CA367939-2B26-47A3-8319-6F60543471F2}.Release|iPhone.ActiveCfg = Release|x86
		{CA367939-2B26-47A3-8319-6F60543471F2}.Release|iPhone.Build.0 = Release|x86
		{CA367939-2B26-47A3-8319-6F60543471F2}.Release|iPhone.Deploy.0 = Release|x86
		{CA367939-2B26-47A3-8319-6F60543471F2}.Release|iPhoneSimulator.ActiveCfg = Release|x86
		{CA367939-2B26-47A3-8319-6F60543471F2}.Release|iPhoneSimulator.Build.0 = Release|x86
		{CA367939-2B26-47A3-8319-6F60543471F2}.Release|iPhoneSimulator.Deploy.0 = Release|x86
		{CA367939-2B26-47A3-8319-6F60543471F2}.Release|x64.ActiveCfg = Release|x64
		{CA367939-2B26-47A3-8319-6F60543471F2}.Release|x64.Build.0 = Release|x64
		{CA367939-2B26-47A3-8319-6F60543471F2}.Release|x64.Deploy.0 = Release|x64
		{CA367939-2B26-47A3-8319-6F60543471F2}.Release|x86.ActiveCfg = Release|x86
		{CA367939-2B26-47A3-8319-6F60543471F2}.Release|x86.Build.0 = Release|x86
		{CA367939-2B26-47A3-8319-6F60543471F2}.Release|x86.Deploy.0 = Release|x86
		{A2D83CF2-B23D-486A-AFA2-71B579FB17AE}.Ad-Hoc|Any CPU.ActiveCfg = Debug|Any CPU
		{A2D83CF2-B23D-486A-AFA2-71B579FB17AE}.Ad-Hoc|Any CPU.Build.0 = Debug|Any CPU
		{A2D83CF2-B23D-486A-AFA2-71B579FB17AE}.Ad-Hoc|Any CPU.Deploy.0 = Debug|Any CPU
		{A2D83CF2-B23D-486A-AFA2-71B579FB17AE}.Ad-Hoc|ARM.ActiveCfg = Debug|Any CPU
		{A2D83CF2-B23D-486A-AFA2-71B579FB17AE}.Ad-Hoc|ARM.Build.0 = Debug|Any CPU
		{A2D83CF2-B23D-486A-AFA2-71B579FB17AE}.Ad-Hoc|ARM.Deploy.0 = Debug|Any CPU
		{A2D83CF2-B23D-486A-AFA2-71B579FB17AE}.Ad-Hoc|iPhone.ActiveCfg = Debug|Any CPU
		{A2D83CF2-B23D-486A-AFA2-71B579FB17AE}.Ad-Hoc|iPhone.Build.0 = Debug|Any CPU
		{A2D83CF2-B23D-486A-AFA2-71B579FB17AE}.Ad-Hoc|iPhone.Deploy.0 = Debug|Any CPU
		{A2D83CF2-B23D-486A-AFA2-71B579FB17AE}.Ad-Hoc|iPhoneSimulator.ActiveCfg = Debug|Any CPU
		{A2D83CF2-B23D-486A-AFA2-71B579FB17AE}.Ad-Hoc|iPhoneSimulator.Build.0 = Debug|Any CPU
		{A2D83CF2-B23D-486A-AFA2-71B579FB17AE}.Ad-Hoc|iPhoneSimulator.Deploy.0 = Debug|Any CPU
		{A2D83CF2-B23D-486A-AFA2-71B579FB17AE}.Ad-Hoc|x64.ActiveCfg = Debug|Any CPU
		{A2D83CF2-B23D-486A-AFA2-71B579FB17AE}.Ad-Hoc|x64.Build.0 = Debug|Any CPU
		{A2D83CF2-B23D-486A-AFA2-71B579FB17AE}.Ad-Hoc|x64.Deploy.0 = Debug|Any CPU
		{A2D83CF2-B23D-486A-AFA2-71B579FB17AE}.Ad-Hoc|x86.ActiveCfg = Debug|Any CPU
		{A2D83CF2-B23D-486A-AFA2-71B579FB17AE}.Ad-Hoc|x86.Build.0 = Debug|Any CPU
		{A2D83CF2-B23D-486A-AFA2-71B579FB17AE}.Ad-Hoc|x86.Deploy.0 = Debug|Any CPU
		{A2D83CF2-B23D-486A-AFA2-71B579FB17AE}.AppStore|Any CPU.ActiveCfg = Debug|Any CPU
		{A2D83CF2-B23D-486A-AFA2-71B579FB17AE}.AppStore|Any CPU.Build.0 = Debug|Any CPU
		{A2D83CF2-B23D-486A-AFA2-71B579FB17AE}.AppStore|Any CPU.Deploy.0 = Debug|Any CPU
		{A2D83CF2-B23D-486A-AFA2-71B579FB17AE}.AppStore|ARM.ActiveCfg = Debug|Any CPU
		{A2D83CF2-B23D-486A-AFA2-71B579FB17AE}.AppStore|ARM.Build.0 = Debug|Any CPU
		{A2D83CF2-B23D-486A-AFA2-71B579FB17AE}.AppStore|ARM.Deploy.0 = Debug|Any CPU
		{A2D83CF2-B23D-486A-AFA2-71B579FB17AE}.AppStore|iPhone.ActiveCfg = Debug|Any CPU
		{A2D83CF2-B23D-486A-AFA2-71B579FB17AE}.AppStore|iPhone.Build.0 = Debug|Any CPU
		{A2D83CF2-B23D-486A-AFA2-71B579FB17AE}.AppStore|iPhone.Deploy.0 = Debug|Any CPU
		{A2D83CF2-B23D-486A-AFA2-71B579FB17AE}.AppStore|iPhoneSimulator.ActiveCfg = Debug|Any CPU
		{A2D83CF2-B23D-486A-AFA2-71B579FB17AE}.AppStore|iPhoneSimulator.Build.0 = Debug|Any CPU
		{A2D83CF2-B23D-486A-AFA2-71B579FB17AE}.AppStore|iPhoneSimulator.Deploy.0 = Debug|Any CPU
		{A2D83CF2-B23D-486A-AFA2-71B579FB17AE}.AppStore|x64.ActiveCfg = Debug|Any CPU
		{A2D83CF2-B23D-486A-AFA2-71B579FB17AE}.AppStore|x64.Build.0 = Debug|Any CPU
		{A2D83CF2-B23D-486A-AFA2-71B579FB17AE}.AppStore|x64.Deploy.0 = Debug|Any CPU
		{A2D83CF2-B23D-486A-AFA2-71B579FB17AE}.AppStore|x86.ActiveCfg = Debug|Any CPU
		{A2D83CF2-B23D-486A-AFA2-71B579FB17AE}.AppStore|x86.Build.0 = Debug|Any CPU
		{A2D83CF2-B23D-486A-AFA2-71B579FB17AE}.AppStore|x86.Deploy.0 = Debug|Any CPU
		{A2D83CF2-B23D-486A-AFA2-71B579FB17AE}.Debug|Any CPU.ActiveCfg = Debug|Any CPU
		{A2D83CF2-B23D-486A-AFA2-71B579FB17AE}.Debug|Any CPU.Build.0 = Debug|Any CPU
		{A2D83CF2-B23D-486A-AFA2-71B579FB17AE}.Debug|Any CPU.Deploy.0 = Debug|Any CPU
		{A2D83CF2-B23D-486A-AFA2-71B579FB17AE}.Debug|ARM.ActiveCfg = Debug|Any CPU
		{A2D83CF2-B23D-486A-AFA2-71B579FB17AE}.Debug|ARM.Build.0 = Debug|Any CPU
		{A2D83CF2-B23D-486A-AFA2-71B579FB17AE}.Debug|ARM.Deploy.0 = Debug|Any CPU
		{A2D83CF2-B23D-486A-AFA2-71B579FB17AE}.Debug|iPhone.ActiveCfg = Debug|Any CPU
		{A2D83CF2-B23D-486A-AFA2-71B579FB17AE}.Debug|iPhone.Build.0 = Debug|Any CPU
		{A2D83CF2-B23D-486A-AFA2-71B579FB17AE}.Debug|iPhone.Deploy.0 = Debug|Any CPU
		{A2D83CF2-B23D-486A-AFA2-71B579FB17AE}.Debug|iPhoneSimulator.ActiveCfg = Debug|Any CPU
		{A2D83CF2-B23D-486A-AFA2-71B579FB17AE}.Debug|iPhoneSimulator.Build.0 = Debug|Any CPU
		{A2D83CF2-B23D-486A-AFA2-71B579FB17AE}.Debug|iPhoneSimulator.Deploy.0 = Debug|Any CPU
		{A2D83CF2-B23D-486A-AFA2-71B579FB17AE}.Debug|x64.ActiveCfg = Debug|Any CPU
		{A2D83CF2-B23D-486A-AFA2-71B579FB17AE}.Debug|x64.Build.0 = Debug|Any CPU
		{A2D83CF2-B23D-486A-AFA2-71B579FB17AE}.Debug|x64.Deploy.0 = Debug|Any CPU
		{A2D83CF2-B23D-486A-AFA2-71B579FB17AE}.Debug|x86.ActiveCfg = Debug|Any CPU
		{A2D83CF2-B23D-486A-AFA2-71B579FB17AE}.Debug|x86.Build.0 = Debug|Any CPU
		{A2D83CF2-B23D-486A-AFA2-71B579FB17AE}.Debug|x86.Deploy.0 = Debug|Any CPU
		{A2D83CF2-B23D-486A-AFA2-71B579FB17AE}.Release|Any CPU.ActiveCfg = Release|Any CPU
		{A2D83CF2-B23D-486A-AFA2-71B579FB17AE}.Release|Any CPU.Build.0 = Release|Any CPU
		{A2D83CF2-B23D-486A-AFA2-71B579FB17AE}.Release|Any CPU.Deploy.0 = Release|Any CPU
		{A2D83CF2-B23D-486A-AFA2-71B579FB17AE}.Release|ARM.ActiveCfg = Release|Any CPU
		{A2D83CF2-B23D-486A-AFA2-71B579FB17AE}.Release|ARM.Build.0 = Release|Any CPU
		{A2D83CF2-B23D-486A-AFA2-71B579FB17AE}.Release|ARM.Deploy.0 = Release|Any CPU
		{A2D83CF2-B23D-486A-AFA2-71B579FB17AE}.Release|iPhone.ActiveCfg = Release|Any CPU
		{A2D83CF2-B23D-486A-AFA2-71B579FB17AE}.Release|iPhone.Build.0 = Release|Any CPU
		{A2D83CF2-B23D-486A-AFA2-71B579FB17AE}.Release|iPhone.Deploy.0 = Release|Any CPU
		{A2D83CF2-B23D-486A-AFA2-71B579FB17AE}.Release|iPhoneSimulator.ActiveCfg = Release|Any CPU
		{A2D83CF2-B23D-486A-AFA2-71B579FB17AE}.Release|iPhoneSimulator.Build.0 = Release|Any CPU
		{A2D83CF2-B23D-486A-AFA2-71B579FB17AE}.Release|iPhoneSimulator.Deploy.0 = Release|Any CPU
		{A2D83CF2-B23D-486A-AFA2-71B579FB17AE}.Release|x64.ActiveCfg = Release|Any CPU
		{A2D83CF2-B23D-486A-AFA2-71B579FB17AE}.Release|x64.Build.0 = Release|Any CPU
		{A2D83CF2-B23D-486A-AFA2-71B579FB17AE}.Release|x64.Deploy.0 = Release|Any CPU
		{A2D83CF2-B23D-486A-AFA2-71B579FB17AE}.Release|x86.ActiveCfg = Release|Any CPU
		{A2D83CF2-B23D-486A-AFA2-71B579FB17AE}.Release|x86.Build.0 = Release|Any CPU
		{A2D83CF2-B23D-486A-AFA2-71B579FB17AE}.Release|x86.Deploy.0 = Release|Any CPU
	EndGlobalSection
	GlobalSection(SolutionProperties) = preSolution
		HideSolutionNode = FALSE
	EndGlobalSection
	GlobalSection(ExtensibilityGlobals) = postSolution
		SolutionGuid = {7D8802B1-D2E9-41FD-92CD-61CC01F90CD6}
	EndGlobalSection
EndGlobal
